{
  "version": "5",
  "specifiers": {
    "jsr:@std/assert@1": "1.0.19",
    "jsr:@std/internal@^1.0.12": "1.0.14"
  },
  "jsr": {
    "@std/assert@1.0.19": {
      "integrity": "eaada96ee120cb980bc47e040f82814d786fe8162ecc53c91d8df60b8755991e",
      "dependencies": [
        "jsr:@std/internal"
      ]
    },
    "@std/internal@1.0.14": {
      "integrity": "291516b3d4c35024d6ffbc0a9df5bf4c64116e05b50012cf846710152d2ffdf7"
    }
  },
  "redirects": {
    "https://esm.sh/@supabase/supabase-js@2": "https://esm.sh/@supabase/supabase-js@2.116.0"
  },
  "remote": {
    "https://esm.sh/@polar-sh/sdk@0.49.0/webhooks?target=deno": "e68eb7d4d02327bb63c3e740a1e4b10cc1b10b253a913bd6582ecb1ea113645f",
    "https://esm.sh/@supabase/supabase-js@2.116.0": "a38014743786a06c7dbf095a99e9ef3b38c0ec16bff076fc7cd403991192b34e"
  },
  "workspace": {
    "packageJson": {
      "dependencies": [
        "npm:@dnd-kit/core@^6.3.1",
        "npm:@dnd-kit/sortable@10",
        "npm:@dnd-kit/utilities@^3.2.2",
        "npm:@eslint/js@^9.39.1",
        "npm:@supabase/supabase-js@^2.98.0",
        "npm:@tailwindcss/typography@~0.5.19",
        "npm:@tailwindcss/vite@^4.2.1",
        "npm:@tanstack/react-query@^5.90.21",
        "npm:@tiptap/extension-image@^3.20.0",
        "npm:@tiptap/extension-link@^3.20.0",
        "npm:@tiptap/extension-placeholder@^3.20.0",
        "npm:@tiptap/pm@^3.20.0",
        "npm:@tiptap/react@^3.20.0",
        "npm:@tiptap/starter-kit@^3.20.0",
        "npm:@types/node@^24.10.1",
        "npm:@types/react-dom@^19.2.3",
        "npm:@types/react@^19.2.7",
        "npm:@vitejs/plugin-react@^5.1.1",
        "npm:date-fns@^4.1.0",
        "npm:eslint-plugin-react-hooks@^7.0.1",
        "npm:eslint-plugin-react-refresh@~0.4.24",
        "npm:eslint@^9.39.1",
        "npm:globals@^16.5.0",
        "npm:i18next@^25.8.13",
        "npm:lucide-react@0.575",
        "npm:react-dom@^19.2.0",
        "npm:react-helmet-async@^2.0.5",
        "npm:react-hook-form@^7.71.2",
        "npm:react-hot-toast@^2.6.0",
        "npm:react-i18next@^16.5.4",
        "npm:react-router-dom@^7.13.1",
        "npm:react@^19.2.0",
        "npm:swiper@^12.1.2",
        "npm:tailwindcss@^4.2.1",
        "npm:tsx@^4.20.6",
        "npm:typescript-eslint@^8.48.0",
        "npm:typescript@~5.9.3",
        "npm:vite@^7.3.1",
        "npm:zustand@^5.0.11"
      ]
    }
  }
}
